
Microsoft Visual Studio Solution File, Format Version 12.00
# Visual Studio 15
VisualStudioVersion = 15.0.28010.2003
MinimumVisualStudioVersion = 10.0.40219.1
Project("{9A19103F-16F7-4668-BE54-9A1E7A4F7556}") = "CarsWebAPI", "CarsWebApp\CarsWebAPI.csproj", "{C03FD7C4-E781-49A8-B943-C996C71BD68F}"
EndProject
Project("{9A19103F-16F7-4668-BE54-9A1E7A4F7556}") = "CarApp.Model", "CarApp.Model\CarApp.Model.csproj", "{0FA8802D-5AA4-455E-90A7-8F161A3FCDD8}"
EndProject
Project("{2150E333-8FDC-42A3-9474-1A3956D46DE8}") = "Tests", "Tests", "{ACFDD5C2-67EB-41B3-9397-E4E83C26C551}"
EndProject
Project("{2150E333-8FDC-42A3-9474-1A3956D46DE8}") = "DataAccess", "DataAccess", "{4E7800C0-D42C-48E4-ABFD-E07B913850DB}"
EndProject
Project("{9A19103F-16F7-4668-BE54-9A1E7A4F7556}") = "Mongo", "DataAccess\Mongo\Mongo.csproj", "{38C5E3AC-A6E4-4480-BD76-D22161EBD3ED}"
EndProject
Project("{9A19103F-16F7-4668-BE54-9A1E7A4F7556}") = "CarsWebAPI.Tests", "Tests\CarsWebAPI.Tests\CarsWebAPI.Tests.csproj", "{CE3F9735-72C0-41DB-B607-A362901D7848}"
EndProject
Global
	GlobalSection(SolutionConfigurationPlatforms) = preSolution
		Debug|Any CPU = Debug|Any CPU
		Release|Any CPU = Release|Any CPU
	EndGlobalSection
	GlobalSection(ProjectConfigurationPlatforms) = postSolution
		{C03FD7C4-E781-49A8-B943-C996C71BD68F}.Debug|Any CPU.ActiveCfg = Debug|Any CPU
		{C03FD7C4-E781-49A8-B943-C996C71BD68F}.Debug|Any CPU.Build.0 = Debug|Any CPU
		{C03FD7C4-E781-49A8-B943-C996C71BD68F}.Release|Any CPU.ActiveCfg = Release|Any CPU
		{C03FD7C4-E781-49A8-B943-C996C71BD68F}.Release|Any CPU.Build.0 = Release|Any CPU
		{0FA8802D-5AA4-455E-90A7-8F161A3FCDD8}.Debug|Any CPU.ActiveCfg = Debug|Any CPU
		{0FA8802D-5AA4-455E-90A7-8F161A3FCDD8}.Debug|Any CPU.Build.0 = Debug|Any CPU
		{0FA8802D-5AA4-455E-90A7-8F161A3FCDD8}.Release|Any CPU.ActiveCfg = Release|Any CPU
		{0FA8802D-5AA4-455E-90A7-8F161A3FCDD8}.Release|Any CPU.Build.0 = Release|Any CPU
		{38C5E3AC-A6E4-4480-BD76-D22161EBD3ED}.Debug|Any CPU.ActiveCfg = Debug|Any CPU
		{38C5E3AC-A6E4-4480-BD76-D22161EBD3ED}.Debug|Any CPU.Build.0 = Debug|Any CPU
		{38C5E3AC-A6E4-4480-BD76-D22161EBD3ED}.Release|Any CPU.ActiveCfg = Release|Any CPU
		{38C5E3AC-A6E4-4480-BD76-D22161EBD3ED}.Release|Any CPU.Build.0 = Release|Any CPU
		{CE3F9735-72C0-41DB-B607-A362901D7848}.Debug|Any CPU.ActiveCfg = Debug|Any CPU
		{CE3F9735-72C0-41DB-B607-A362901D7848}.Debug|Any CPU.Build.0 = Debug|Any CPU
		{CE3F9735-72C0-41DB-B607-A362901D7848}.Release|Any CPU.ActiveCfg = Release|Any CPU
		{CE3F9735-72C0-41DB-B607-A362901D7848}.Release|Any CPU.Build.0 = Release|Any CPU
	EndGlobalSection
	GlobalSection(SolutionProperties) = preSolution
		HideSolutionNode = FALSE
	EndGlobalSection
	GlobalSection(NestedProjects) = preSolution
		{38C5E3AC-A6E4-4480-BD76-D22161EBD3ED} = {4E7800C0-D42C-48E4-ABFD-E07B913850DB}
		{CE3F9735-72C0-41DB-B607-A362901D7848} = {ACFDD5C2-67EB-41B3-9397-E4E83C26C551}
	EndGlobalSection
	GlobalSection(ExtensibilityGlobals) = postSolution
		SolutionGuid = {E4F20A29-7B26-4732-98E8-6804ADBF0085}
	EndGlobalSection
EndGlobal
